{
    "_meta": {
        "hash": {
            "sha256": "e71f1307d9eb964ec9dc3412036cc81fcb77d9d152e1348f58696ef80e54f4de"
        },
        "pipfile-spec": 6,
        "requires": {
            "python_version": "3.8"
        },
        "sources": [
            {
                "name": "pip_conf_index_global",
                "url": "http://mirrors.aliyun.com/pypi/simple/",
                "verify_ssl": false
            }
        ]
    },
    "default": {},
    "develop": {}
}
